PODS:
  - OpenCV (3.1.0.1)
  - QBImagePickerController (3.4.0)

DEPENDENCIES:
  - OpenCV
  - QBImagePickerController

SPEC CHECKSUMS:
  OpenCV: 41c4250e2b06a394d6fbb634b5fa622cdd846018
  QBImagePickerController: d54cf93db6decf26baf6ed3472f336ef35cae022

PODFILE CHECKSUM: a0ac438df5b1ba66020e29a29532af5e277dbd6c

COCOAPODS: 1.1.1
