// !$*UTF8*$!
{
	archiveVersion = 1;
	classes = {
	};
	objectVersion = 46;
	objects = {

/* Begin PBXBuildFile section */
		D3156D7C1DBA226C0076D109 /* AppDelegate.swift in Sources */ = {isa = PBXBuildFile; fileRef = D3156D7B1DBA226C0076D109 /* AppDelegate.swift */; };
		D3156D7E1DBA226C0076D109 /* ViewController.swift in Sources */ = {isa = PBXBuildFile; fileRef = D3156D7D1DBA226C0076D109 /* ViewController.swift */; };
		D3156D811DBA226C0076D109 /* Main.storyboard in Resources */ = {isa = PBXBuildFile; fileRef = D3156D7F1DBA226C0076D109 /* Main.storyboard */; };
		D3156D831DBA226C0076D109 /* Assets.xcassets in Resources */ = {isa = PBXBuildFile; fileRef = D3156D821DBA226C0076D109 /* Assets.xcassets */; };
		D3156D861DBA226C0076D109 /* LaunchScreen.storyboard in Resources */ = {isa = PBXBuildFile; fileRef = D3156D841DBA226C0076D109 /* LaunchScreen.storyboard */; };
		D31B05801DC880AD003222A3 /* Perfume.mov in Resources */ = {isa = PBXBuildFile; fileRef = D31B057F1DC880AD003222A3 /* Perfume.mov */; };
		D31B05831DC8964E003222A3 /* wreckin.mov in Resources */ = {isa = PBXBuildFile; fileRef = D31B05821DC8964E003222A3 /* wreckin.mov */; };
		D31B05851DC8987A003222A3 /* InitialViewController.swift in Sources */ = {isa = PBXBuildFile; fileRef = D31B05841DC8987A003222A3 /* InitialViewController.swift */; };
		D33D45A11DBB5A8600E2B669 /* opencv2.framework in Frameworks */ = {isa = PBXBuildFile; fileRef = D33D45A01DBB5A8600E2B669 /* opencv2.framework */; };
		D33D45A51DBB5B5400E2B669 /* ImageTransform.mm in Sources */ = {isa = PBXBuildFile; fileRef = D33D45A41DBB5B5400E2B669 /* ImageTransform.mm */; };
		D33D45A71DBB5CC800E2B669 /* AVFoundationUtil.m in Sources */ = {isa = PBXBuildFile; fileRef = D33D45A61DBB5CC800E2B669 /* AVFoundationUtil.m */; };
		D34AABF41DBB3EA800162974 /* AVPlayerView.swift in Sources */ = {isa = PBXBuildFile; fileRef = D34AABF31DBB3EA800162974 /* AVPlayerView.swift */; };
		D34AABFB1DBB41C300162974 /* E.mov in Resources */ = {isa = PBXBuildFile; fileRef = D34AABF71DBB41C300162974 /* E.mov */; };
		D34AABFC1DBB41C300162974 /* N.mov in Resources */ = {isa = PBXBuildFile; fileRef = D34AABF81DBB41C300162974 /* N.mov */; };
		D34AABFD1DBB41C300162974 /* S.mov in Resources */ = {isa = PBXBuildFile; fileRef = D34AABF91DBB41C300162974 /* S.mov */; };
		D34AABFE1DBB41C300162974 /* W.mov in Resources */ = {isa = PBXBuildFile; fileRef = D34AABFA1DBB41C300162974 /* W.mov */; };
		D3739C9D1DC2644A007B1F82 /* nBack.png in Resources */ = {isa = PBXBuildFile; fileRef = D3739C9C1DC2644A007B1F82 /* nBack.png */; };
		D3EF243F1DD5D3BD009400DE /* AppUtil.swift in Sources */ = {isa = PBXBuildFile; fileRef = D3EF243E1DD5D3BD009400DE /* AppUtil.swift */; };
/* End PBXBuildFile section */

/* Begin PBXFileReference section */
		8327E60279D626250E32A55F /* Pods-GraduateProject.debug.xcconfig */ = {isa = PBXFileReference; includeInIndex = 1; lastKnownFileType = text.xcconfig; name = "Pods-GraduateProject.debug.xcconfig"; path = "Pods/Target Support Files/Pods-GraduateProject/Pods-GraduateProject.debug.xcconfig"; sourceTree = "<group>"; };
		B06FB8DF8D92A4F32386C9BC /* Pods_GraduateProject.framework */ = {isa = PBXFileReference; explicitFileType = wrapper.framework; includeInIndex = 0; path = Pods_GraduateProject.framework; sourceTree = BUILT_PRODUCTS_DIR; };
		BFD4E45C96CFDFE19E7DBD50 /* Pods-GraduateProject.release.xcconfig */ = {isa = PBXFileReference; includeInIndex = 1; lastKnownFileType = text.xcconfig; name = "Pods-GraduateProject.release.xcconfig"; path = "Pods/Target Support Files/Pods-GraduateProject/Pods-GraduateProject.release.xcconfig"; sourceTree = "<group>"; };
		D3156D781DBA226C0076D109 /* GraduateProject.app */ = {isa = PBXFileReference; explicitFileType = wrapper.application; includeInIndex = 0; path = GraduateProject.app; sourceTree = BUILT_PRODUCTS_DIR; };
		D3156D7B1DBA226C0076D109 /* AppDelegate.swift */ = {isa = PBXFileReference; lastKnownFileType = sourcecode.swift; path = AppDelegate.swift; sourceTree = "<group>"; };
		D3156D7D1DBA226C0076D109 /* ViewController.swift */ = {isa = PBXFileReference; lastKnownFileType = sourcecode.swift; path = ViewController.swift; sourceTree = "<group>"; };
		D3156D801DBA226C0076D109 /* Base */ = {isa = PBXFileReference; lastKnownFileType = file.storyboard; name = Base; path = Base.lproj/Main.storyboard; sourceTree = "<group>"; };
		D3156D821DBA226C0076D109 /* Assets.xcassets */ = {isa = PBXFileReference; lastKnownFileType = folder.assetcatalog; path = Assets.xcassets; sourceTree = "<group>"; };
		D3156D851DBA226C0076D109 /* Base */ = {isa = PBXFileReference; lastKnownFileType = file.storyboard; name = Base; path = Base.lproj/LaunchScreen.storyboard; sourceTree = "<group>"; };
		D3156D871DBA226C0076D109 /* Info.plist */ = {isa = PBXFileReference; lastKnownFileType = text.plist.xml; path = Info.plist; sourceTree = "<group>"; };
		D31B057F1DC880AD003222A3 /* Perfume.mov */ = {isa = PBXFileReference; lastKnownFileType = video.quicktime; path = Perfume.mov; sourceTree = "<group>"; };
		D31B05821DC8964E003222A3 /* wreckin.mov */ = {isa = PBXFileReference; lastKnownFileType = video.quicktime; path = wreckin.mov; sourceTree = "<group>"; };
		D31B05841DC8987A003222A3 /* InitialViewController.swift */ = {isa = PBXFileReference; fileEncoding = 4; lastKnownFileType = sourcecode.swift; path = InitialViewController.swift; sourceTree = "<group>"; };
		D33D45A01DBB5A8600E2B669 /* opencv2.framework */ = {isa = PBXFileReference; lastKnownFileType = wrapper.framework; name = opencv2.framework; path = Pods/OpenCV/opencv2.framework; sourceTree = "<group>"; };
		D33D45A31DBB5B5400E2B669 /* GraduateProject-Bridging-Header.h */ = {isa = PBXFileReference; lastKnownFileType = sourcecode.c.h; path = "GraduateProject-Bridging-Header.h"; sourceTree = "<group>"; };
		D33D45A41DBB5B5400E2B669 /* ImageTransform.mm */ = {isa = PBXFileReference; fileEncoding = 4; lastKnownFileType = sourcecode.cpp.objcpp; path = ImageTransform.mm; sourceTree = "<group>"; };
		D33D45A61DBB5CC800E2B669 /* AVFoundationUtil.m */ = {isa = PBXFileReference; fileEncoding = 4; lastKnownFileType = sourcecode.c.objc; path = AVFoundationUtil.m; sourceTree = "<group>"; };
		D33D45A81DBB5CDA00E2B669 /* AVFoundationUtil.h */ = {isa = PBXFileReference; lastKnownFileType = sourcecode.c.h; path = AVFoundationUtil.h; sourceTree = "<group>"; };
		D34AABF31DBB3EA800162974 /* AVPlayerView.swift */ = {isa = PBXFileReference; fileEncoding = 4; lastKnownFileType = sourcecode.swift; path = AVPlayerView.swift; sourceTree = "<group>"; };
		D34AABF71DBB41C300162974 /* E.mov */ = {isa = PBXFileReference; lastKnownFileType = video.quicktime; path = E.mov; sourceTree = "<group>"; };
		D34AABF81DBB41C300162974 /* N.mov */ = {isa = PBXFileReference; lastKnownFileType = video.quicktime; path = N.mov; sourceTree = "<group>"; };
		D34AABF91DBB41C300162974 /* S.mov */ = {isa = PBXFileReference; lastKnownFileType = video.quicktime; path = S.mov; sourceTree = "<group>"; };
		D34AABFA1DBB41C300162974 /* W.mov */ = {isa = PBXFileReference; lastKnownFileType = video.quicktime; path = W.mov; sourceTree = "<group>"; };
		D3739C9C1DC2644A007B1F82 /* nBack.png */ = {isa = PBXFileReference; lastKnownFileType = image.png; path = nBack.png; sourceTree = "<group>"; };
		D3EF243E1DD5D3BD009400DE /* AppUtil.swift */ = {isa = PBXFileReference; fileEncoding = 4; lastKnownFileType = sourcecode.swift; path = AppUtil.swift; sourceTree = SOURCE_ROOT; };
/* End PBXFileReference section */

/* Begin PBXFrameworksBuildPhase section */
		D3156D751DBA226B0076D109 /* Frameworks */ = {
			isa = PBXFrameworksBuildPhase;
			buildActionMask = 2147483647;
			files = (
				D33D45A11DBB5A8600E2B669 /* opencv2.framework in Frameworks */,
			);
			runOnlyForDeploymentPostprocessing = 0;
		};
/* End PBXFrameworksBuildPhase section */

/* Begin PBXGroup section */
		A4CFE241F4546398D64D8E1D /* Pods */ = {
			isa = PBXGroup;
			children = (
				8327E60279D626250E32A55F /* Pods-GraduateProject.debug.xcconfig */,
				BFD4E45C96CFDFE19E7DBD50 /* Pods-GraduateProject.release.xcconfig */,
			);
			name = Pods;
			sourceTree = "<group>";
		};
		B50DC38F06B0143C4B6A7BB6 /* Frameworks */ = {
			isa = PBXGroup;
			children = (
				D33D45A01DBB5A8600E2B669 /* opencv2.framework */,
				B06FB8DF8D92A4F32386C9BC /* Pods_GraduateProject.framework */,
			);
			name = Frameworks;
			sourceTree = "<group>";
		};
		D3156D6F1DBA226B0076D109 = {
			isa = PBXGroup;
			children = (
				D3156D7A1DBA226C0076D109 /* GraduateProject */,
				D3156D791DBA226C0076D109 /* Products */,
				D3739C9B1DC2644A007B1F82 /* images */,
				D34AABF61DBB41C300162974 /* movies */,
				A4CFE241F4546398D64D8E1D /* Pods */,
				B50DC38F06B0143C4B6A7BB6 /* Frameworks */,
			);
			sourceTree = "<group>";
		};
		D3156D791DBA226C0076D109 /* Products */ = {
			isa = PBXGroup;
			children = (
				D3156D781DBA226C0076D109 /* GraduateProject.app */,
			);
			name = Products;
			sourceTree = "<group>";
		};
		D3156D7A1DBA226C0076D109 /* GraduateProject */ = {
			isa = PBXGroup;
			children = (
				D35F6F0B1DBF07B100D42ACE /* Model */,
				D34AABF21DBB3E7000162974 /* Controllers */,
				D34AABF11DBB3E6800162974 /* Views */,
				D3156D7B1DBA226C0076D109 /* AppDelegate.swift */,
				D3EF243E1DD5D3BD009400DE /* AppUtil.swift */,
				D3156D7F1DBA226C0076D109 /* Main.storyboard */,
				D3156D821DBA226C0076D109 /* Assets.xcassets */,
				D3156D841DBA226C0076D109 /* LaunchScreen.storyboard */,
				D3156D871DBA226C0076D109 /* Info.plist */,
			);
			path = GraduateProject;
			sourceTree = "<group>";
		};
		D33D45A21DBB5B2D00E2B669 /* OpenVC */ = {
			isa = PBXGroup;
			children = (
				D33D45A41DBB5B5400E2B669 /* ImageTransform.mm */,
				D33D45A31DBB5B5400E2B669 /* GraduateProject-Bridging-Header.h */,
				D33D45A61DBB5CC800E2B669 /* AVFoundationUtil.m */,
				D33D45A81DBB5CDA00E2B669 /* AVFoundationUtil.h */,
			);
			name = OpenVC;
			sourceTree = "<group>";
		};
		D34AABF11DBB3E6800162974 /* Views */ = {
			isa = PBXGroup;
			children = (
				D34AABF31DBB3EA800162974 /* AVPlayerView.swift */,
			);
			name = Views;
			sourceTree = "<group>";
		};
		D34AABF21DBB3E7000162974 /* Controllers */ = {
			isa = PBXGroup;
			children = (
				D31B05841DC8987A003222A3 /* InitialViewController.swift */,
				D3156D7D1DBA226C0076D109 /* ViewController.swift */,
			);
			name = Controllers;
			sourceTree = "<group>";
		};
		D34AABF61DBB41C300162974 /* movies */ = {
			isa = PBXGroup;
			children = (
				D31B05821DC8964E003222A3 /* wreckin.mov */,
				D31B057F1DC880AD003222A3 /* Perfume.mov */,
				D34AABF71DBB41C300162974 /* E.mov */,
				D34AABF81DBB41C300162974 /* N.mov */,
				D34AABF91DBB41C300162974 /* S.mov */,
				D34AABFA1DBB41C300162974 /* W.mov */,
			);
			path = movies;
			sourceTree = "<group>";
		};
		D35F6F0B1DBF07B100D42ACE /* Model */ = {
			isa = PBXGroup;
			children = (
				D33D45A21DBB5B2D00E2B669 /* OpenVC */,
			);
			name = Model;
			sourceTree = "<group>";
		};
		D3739C9B1DC2644A007B1F82 /* images */ = {
			isa = PBXGroup;
			children = (
				D3739C9C1DC2644A007B1F82 /* nBack.png */,
			);
			path = images;
			sourceTree = "<group>";
		};
/* End PBXGroup section */

/* Begin PBXNativeTarget section */
		D3156D771DBA226B0076D109 /* GraduateProject */ = {
			isa = PBXNativeTarget;
			buildConfigurationList = D3156D8A1DBA226C0076D109 /* Build configuration list for PBXNativeTarget "GraduateProject" */;
			buildPhases = (
				B7F995F714A2D5509A297611 /* [CP] Check Pods Manifest.lock */,
				D3156D741DBA226B0076D109 /* Sources */,
				D3156D751DBA226B0076D109 /* Frameworks */,
				D3156D761DBA226B0076D109 /* Resources */,
				7C49F5565F3BA2E5CF01076C /* [CP] Embed Pods Frameworks */,
				D23E6BECA4E069E85B71C0A0 /* [CP] Copy Pods Resources */,
			);
			buildRules = (
			);
			dependencies = (
			);
			name = GraduateProject;
			productName = GraduateProject;
			productReference = D3156D781DBA226C0076D109 /* GraduateProject.app */;
			productType = "com.apple.product-type.application";
		};
/* End PBXNativeTarget section */

/* Begin PBXProject section */
		D3156D701DBA226B0076D109 /* Project object */ = {
			isa = PBXProject;
			attributes = {
				LastSwiftUpdateCheck = 0800;
				LastUpgradeCheck = 0800;
				ORGANIZATIONNAME = "Naoto Takahashi";
				TargetAttributes = {
					D3156D771DBA226B0076D109 = {
						CreatedOnToolsVersion = 8.0;
						DevelopmentTeam = 4BR954ZS5U;
						LastSwiftMigration = 0800;
						ProvisioningStyle = Automatic;
					};
				};
			};
			buildConfigurationList = D3156D731DBA226B0076D109 /* Build configuration list for PBXProject "GraduateProject" */;
			compatibilityVersion = "Xcode 3.2";
			developmentRegion = English;
			hasScannedForEncodings = 0;
			knownRegions = (
				en,
				Base,
			);
			mainGroup = D3156D6F1DBA226B0076D109;
			productRefGroup = D3156D791DBA226C0076D109 /* Products */;
			projectDirPath = "";
			projectRoot = "";
			targets = (
				D3156D771DBA226B0076D109 /* GraduateProject */,
			);
		};
/* End PBXProject section */

/* Begin PBXResourcesBuildPhase section */
		D3156D761DBA226B0076D109 /* Resources */ = {
			isa = PBXResourcesBuildPhase;
			buildActionMask = 2147483647;
			files = (
				D34AABFD1DBB41C300162974 /* S.mov in Resources */,
				D3156D861DBA226C0076D109 /* LaunchScreen.storyboard in Resources */,
				D31B05831DC8964E003222A3 /* wreckin.mov in Resources */,
				D34AABFC1DBB41C300162974 /* N.mov in Resources */,
				D3739C9D1DC2644A007B1F82 /* nBack.png in Resources */,
				D3156D831DBA226C0076D109 /* Assets.xcassets in Resources */,
				D34AABFB1DBB41C300162974 /* E.mov in Resources */,
				D3156D811DBA226C0076D109 /* Main.storyboard in Resources */,
				D31B05801DC880AD003222A3 /* Perfume.mov in Resources */,
				D34AABFE1DBB41C300162974 /* W.mov in Resources */,
			);
			runOnlyForDeploymentPostprocessing = 0;
		};
/* End PBXResourcesBuildPhase section */

/* Begin PBXShellScriptBuildPhase section */
		7C49F5565F3BA2E5CF01076C /* [CP] Embed Pods Frameworks */ = {
			isa = PBXShellScriptBuildPhase;
			buildActionMask = 2147483647;
			files = (
			);
			inputPaths = (
			);
			name = "[CP] Embed Pods Frameworks";
			outputPaths = (
			);
			runOnlyForDeploymentPostprocessing = 0;
			shellPath = /bin/sh;
			shellScript = "\"${SRCROOT}/Pods/Target Support Files/Pods-GraduateProject/Pods-GraduateProject-frameworks.sh\"\n";
			showEnvVarsInLog = 0;
		};
		B7F995F714A2D5509A297611 /* [CP] Check Pods Manifest.lock */ = {
			isa = PBXShellScriptBuildPhase;
			buildActionMask = 2147483647;
			files = (
			);
			inputPaths = (
			);
			name = "[CP] Check Pods Manifest.lock";
			outputPaths = (
			);
			runOnlyForDeploymentPostprocessing = 0;
			shellPath = /bin/sh;
			shellScript = "diff \"${PODS_ROOT}/../Podfile.lock\" \"${PODS_ROOT}/Manifest.lock\" > /dev/null\nif [[ $? != 0 ]] ; then\n    cat << EOM\nerror: The sandbox is not in sync with the Podfile.lock. Run 'pod install' or update your CocoaPods installation.\nEOM\n    exit 1\nfi\n";
			showEnvVarsInLog = 0;
		};
		D23E6BECA4E069E85B71C0A0 /* [CP] Copy Pods Resources */ = {
			isa = PBXShellScriptBuildPhase;
			buildActionMask = 2147483647;
			files = (
			);
			inputPaths = (
			);
			name = "[CP] Copy Pods Resources";
			outputPaths = (
			);
			runOnlyForDeploymentPostprocessing = 0;
			shellPath = /bin/sh;
			shellScript = "\"${SRCROOT}/Pods/Target Support Files/Pods-GraduateProject/Pods-GraduateProject-resources.sh\"\n";
			showEnvVarsInLog = 0;
		};
/* End PBXShellScriptBuildPhase section */

/* Begin PBXSourcesBuildPhase section */
		D3156D741DBA226B0076D109 /* Sources */ = {
			isa = PBXSourcesBuildPhase;
			buildActionMask = 2147483647;
			files = (
				D34AABF41DBB3EA800162974 /* AVPlayerView.swift in Sources */,
				D31B05851DC8987A003222A3 /* InitialViewController.swift in Sources */,
				D3EF243F1DD5D3BD009400DE /* AppUtil.swift in Sources */,
				D3156D7E1DBA226C0076D109 /* ViewController.swift in Sources */,
				D33D45A51DBB5B5400E2B669 /* ImageTransform.mm in Sources */,
				D33D45A71DBB5CC800E2B669 /* AVFoundationUtil.m in Sources */,
				D3156D7C1DBA226C0076D109 /* AppDelegate.swift in Sources */,
			);
			runOnlyForDeploymentPostprocessing = 0;
		};
/* End PBXSourcesBuildPhase section */

/* Begin PBXVariantGroup section */
		D3156D7F1DBA226C0076D109 /* Main.storyboard */ = {
			isa = PBXVariantGroup;
			children = (
				D3156D801DBA226C0076D109 /* Base */,
			);
			name = Main.storyboard;
			sourceTree = "<group>";
		};
		D3156D841DBA226C0076D109 /* LaunchScreen.storyboard */ = {
			isa = PBXVariantGroup;
			children = (
				D3156D851DBA226C0076D109 /* Base */,
			);
			name = LaunchScreen.storyboard;
			sourceTree = "<group>";
		};
/* End PBXVariantGroup section */

/* Begin XCBuildConfiguration section */
		D3156D881DBA226C0076D109 /* Debug */ = {
			isa = XCBuildConfiguration;
			buildSettings = {
				ALWAYS_SEARCH_USER_PATHS = NO;
				CLANG_ANALYZER_NONNULL = YES;
				CLANG_CXX_LANGUAGE_STANDARD = "gnu++0x";
				CLANG_CXX_LIBRARY = "libc++";
				CLANG_ENABLE_MODULES = YES;
				CLANG_ENABLE_OBJC_ARC = YES;
				CLANG_WARN_BOOL_CONVERSION = YES;
				CLANG_WARN_CONSTANT_CONVERSION = YES;
				CLANG_WARN_DIRECT_OBJC_ISA_USAGE = YES_ERROR;
				CLANG_WARN_DOCUMENTATION_COMMENTS = YES;
				CLANG_WARN_EMPTY_BODY = YES;
				CLANG_WARN_ENUM_CONVERSION = YES;
				CLANG_WARN_INFINITE_RECURSION = YES;
				CLANG_WARN_INT_CONVERSION = YES;
				CLANG_WARN_OBJC_ROOT_CLASS = YES_ERROR;
				CLANG_WARN_SUSPICIOUS_MOVES = YES;
				CLANG_WARN_UNREACHABLE_CODE = YES;
				CLANG_WARN__DUPLICATE_METHOD_MATCH = YES;
				"CODE_SIGN_IDENTITY[sdk=iphoneos*]" = "iPhone Developer";
				COPY_PHASE_STRIP = NO;
				DEBUG_INFORMATION_FORMAT = dwarf;
				ENABLE_STRICT_OBJC_MSGSEND = YES;
				ENABLE_TESTABILITY = YES;
				GCC_C_LANGUAGE_STANDARD = gnu99;
				GCC_DYNAMIC_NO_PIC = NO;
				GCC_NO_COMMON_BLOCKS = YES;
				GCC_OPTIMIZATION_LEVEL = 0;
				GCC_PREPROCESSOR_DEFINITIONS = (
					"DEBUG=1",
					"$(inherited)",
				);
				GCC_WARN_64_TO_32_BIT_CONVERSION = YES;
				GCC_WARN_ABOUT_RETURN_TYPE = YES_ERROR;
				GCC_WARN_UNDECLARED_SELECTOR = YES;
				GCC_WARN_UNINITIALIZED_AUTOS = YES_AGGRESSIVE;
				GCC_WARN_UNUSED_FUNCTION = YES;
				GCC_WARN_UNUSED_VARIABLE = YES;
				IPHONEOS_DEPLOYMENT_TARGET = 10.0;
				MTL_ENABLE_DEBUG_INFO = YES;
				ONLY_ACTIVE_ARCH = YES;
				SDKROOT = iphoneos;
				SWIFT_ACTIVE_COMPILATION_CONDITIONS = DEBUG;
				SWIFT_OPTIMIZATION_LEVEL = "-Onone";
			};
			name = Debug;
		};
		D3156D891DBA226C0076D109 /* Release */ = {
			isa = XCBuildConfiguration;
			buildSettings = {
				ALWAYS_SEARCH_USER_PATHS = NO;
				CLANG_ANALYZER_NONNULL = YES;
				CLANG_CXX_LANGUAGE_STANDARD = "gnu++0x";
				CLANG_CXX_LIBRARY = "libc++";
				CLANG_ENABLE_MODULES = YES;
				CLANG_ENABLE_OBJC_ARC = YES;
				CLANG_WARN_BOOL_CONVERSION = YES;
				CLANG_WARN_CONSTANT_CONVERSION = YES;
				CLANG_WARN_DIRECT_OBJC_ISA_USAGE = YES_ERROR;
				CLANG_WARN_DOCUMENTATION_COMMENTS = YES;
				CLANG_WARN_EMPTY_BODY = YES;
				CLANG_WARN_ENUM_CONVERSION = YES;
				CLANG_WARN_INFINITE_RECURSION = YES;
				CLANG_WARN_INT_CONVERSION = YES;
				CLANG_WARN_OBJC_ROOT_CLASS = YES_ERROR;
				CLANG_WARN_SUSPICIOUS_MOVES = YES;
				CLANG_WARN_UNREACHABLE_CODE = YES;
				CLANG_WARN__DUPLICATE_METHOD_MATCH = YES;
				"CODE_SIGN_IDENTITY[sdk=iphoneos*]" = "iPhone Developer";
				COPY_PHASE_STRIP = NO;
				DEBUG_INFORMATION_FORMAT = "dwarf-with-dsym";
				ENABLE_NS_ASSERTIONS = NO;
				ENABLE_STRICT_OBJC_MSGSEND = YES;
				GCC_C_LANGUAGE_STANDARD = gnu99;
				GCC_NO_COMMON_BLOCKS = YES;
				GCC_WARN_64_TO_32_BIT_CONVERSION = YES;
				GCC_WARN_ABOUT_RETURN_TYPE = YES_ERROR;
				GCC_WARN_UNDECLARED_SELECTOR = YES;
				GCC_WARN_UNINITIALIZED_AUTOS = YES_AGGRESSIVE;
				GCC_WARN_UNUSED_FUNCTION = YES;
				GCC_WARN_UNUSED_VARIABLE = YES;
				IPHONEOS_DEPLOYMENT_TARGET = 10.0;
				MTL_ENABLE_DEBUG_INFO = NO;
				SDKROOT = iphoneos;
				SWIFT_OPTIMIZATION_LEVEL = "-Owholemodule";
				VALIDATE_PRODUCT = YES;
			};
			name = Release;
		};
		D3156D8B1DBA226C0076D109 /* Debug */ = {
			isa = XCBuildConfiguration;
			baseConfigurationReference = 8327E60279D626250E32A55F /* Pods-GraduateProject.debug.xcconfig */;
			buildSettings = {
				ASSETCATALOG_COMPILER_APPICON_NAME = AppIcon;
				CLANG_ENABLE_MODULES = YES;
				"CODE_SIGN_IDENTITY[sdk=iphoneos*]" = "iPhone Developer";
				DEVELOPMENT_TEAM = 4BR954ZS5U;
				ENABLE_BITCODE = NO;
				FRAMEWORK_SEARCH_PATHS = (
					"$(inherited)",
					"$(PROJECT_DIR)/Pods/OpenCV",
				);
				INFOPLIST_FILE = GraduateProject/Info.plist;
				IPHONEOS_DEPLOYMENT_TARGET = 10.0;
				LD_RUNPATH_SEARCH_PATHS = "$(inherited) @executable_path/Frameworks";
				PRODUCT_BUNDLE_IDENTIFIER = grad.red.shalm.GraduateProject;
				PRODUCT_NAME = "$(TARGET_NAME)";
				PROVISIONING_PROFILE_SPECIFIER = "";
				SWIFT_OBJC_BRIDGING_HEADER = "GraduateProject/GraduateProject-Bridging-Header.h";
				SWIFT_OPTIMIZATION_LEVEL = "-Onone";
				SWIFT_VERSION = 3.0;
			};
			name = Debug;
		};
		D3156D8C1DBA226C0076D109 /* Release */ = {
			isa = XCBuildConfiguration;
			baseConfigurationReference = BFD4E45C96CFDFE19E7DBD50 /* Pods-GraduateProject.release.xcconfig */;
			buildSettings = {
				ASSETCATALOG_COMPILER_APPICON_NAME = AppIcon;
				CLANG_ENABLE_MODULES = YES;
				"CODE_SIGN_IDENTITY[sdk=iphoneos*]" = "iPhone Developer";
				DEVELOPMENT_TEAM = 4BR954ZS5U;
				ENABLE_BITCODE = NO;
				FRAMEWORK_SEARCH_PATHS = (
					"$(inherited)",
					"$(PROJECT_DIR)/Pods/OpenCV",
				);
				INFOPLIST_FILE = GraduateProject/Info.plist;
				IPHONEOS_DEPLOYMENT_TARGET = 10.0;
				LD_RUNPATH_SEARCH_PATHS = "$(inherited) @executable_path/Frameworks";
				PRODUCT_BUNDLE_IDENTIFIER = grad.red.shalm.GraduateProject;
				PRODUCT_NAME = "$(TARGET_NAME)";
				PROVISIONING_PROFILE_SPECIFIER = "";
				SWIFT_OBJC_BRIDGING_HEADER = "GraduateProject/GraduateProject-Bridging-Header.h";
				SWIFT_VERSION = 3.0;
			};
			name = Release;
		};
/* End XCBuildConfiguration section */

/* Begin XCConfigurationList section */
		D3156D731DBA226B0076D109 /* Build configuration list for PBXProject "GraduateProject" */ = {
			isa = XCConfigurationList;
			buildConfigurations = (
				D3156D881DBA226C0076D109 /* Debug */,
				D3156D891DBA226C0076D109 /* Release */,
			);
			defaultConfigurationIsVisible = 0;
			defaultConfigurationName = Release;
		};
		D3156D8A1DBA226C0076D109 /* Build configuration list for PBXNativeTarget "GraduateProject" */ = {
			isa = XCConfigurationList;
			buildConfigurations = (
				D3156D8B1DBA226C0076D109 /* Debug */,
				D3156D8C1DBA226C0076D109 /* Release */,
			);
			defaultConfigurationIsVisible = 0;
			defaultConfigurationName = Release;
		};
/* End XCConfigurationList section */
	};
	rootObject = D3156D701DBA226B0076D109 /* Project object */;
}
